
Microsoft Visual Studio Solution File, Format Version 12.00
# Visual Studio 14
VisualStudioVersion = 14.0.25420.1
MinimumVisualStudioVersion = 10.0.40219.1
Project("{FAE04EC0-301F-11D3-BF4B-00C04F79EFBC}") = "AddressAPI", "AddressAPI\AddressAPI.csproj", "{04218749-B073-419E-8329-E0CE215C150E}"
EndProject
Global
	GlobalSection(SolutionConfigurationPlatforms) = preSolution
		Debug|Any CPU = Debug|Any CPU
		Release|Any CPU = Release|Any CPU
	EndGlobalSection
	GlobalSection(ProjectConfigurationPlatforms) = postSolution
		{04218749-B073-419E-8329-E0CE215C150E}.Debug|Any CPU.ActiveCfg = Debug|Any CPU
		{04218749-B073-419E-8329-E0CE215C150E}.Debug|Any CPU.Build.0 = Debug|Any CPU
		{04218749-B073-419E-8329-E0CE215C150E}.Release|Any CPU.ActiveCfg = Release|Any CPU
		{04218749-B073-419E-8329-E0CE215C150E}.Release|Any CPU.Build.0 = Release|Any CPU
	EndGlobalSection
	GlobalSection(SolutionProperties) = preSolution
		HideSolutionNode = FALSE
	EndGlobalSection
EndGlobal
